{
  "name": "@pcit/miniprogram",
  "version": "18.12.0-alpha.0",
  "lockfileVersion": 1,
  "requires": true,
  "dependencies": {
    "@khs1994/tencent-ai": {
      "version": "18.12.1",
      "resolved": "http://registry.npm.taobao.org/@khs1994/tencent-ai/download/@khs1994/tencent-ai-18.12.1.tgz",
      "integrity": "sha1-JNvjL0gVQOgokM83v6Jty5LZEYY=",
      "requires": {
        "node-fetch": "^2.3.0",
        "qs": "^6.6.0",
        "wx-fetch": "github:khs1994/wx-fetch"
      }
    },
    "@pcit/pcit-js": {
      "version": "18.12.0-beta.8",
      "resolved": "http://registry.npm.taobao.org/@pcit/pcit-js/download/@pcit/pcit-js-18.12.0-beta.8.tgz",
      "integrity": "sha1-HPqdEQhCB+prrFCRXhDkWfZNxPo=",
      "requires": {
        "node-fetch": "^2.3.0",
        "wx-fetch": "github:khs1994/wx-fetch"
      }
    },
    "@types/wx": {
      "version": "github:khs1994/types-wx#54bbffa193ad3ddbefc29fb93e366c39a1f2d6bc",
      "from": "github:khs1994/types-wx",
      "dev": true
    },
    "node-fetch": {
      "version": "2.3.0",
      "resolved": "http://registry.npm.taobao.org/node-fetch/download/node-fetch-2.3.0.tgz",
      "integrity": "sha1-Gh2UC7+5FqHT4CGfA36J5x+MX6U="
    },
    "qs": {
      "version": "6.6.0",
      "resolved": "http://registry.npm.taobao.org/qs/download/qs-6.6.0.tgz",
      "integrity": "sha1-qZwPaajSa/fvAS+HHNq7Cu5EJMI="
    },
    "towxml": {
      "version": "github:pcit-ce/towxml#82284d81c68948b887dae9417cbb8459012ceba2",
      "from": "github:pcit-ce/towxml"
    },
    "typescript": {
      "version": "3.3.3333",
      "resolved": "http://registry.npm.taobao.org/typescript/download/typescript-3.3.3333.tgz",
      "integrity": "sha1-FxssWvZsWelDEZkRejvK3Gb9z9Y=",
      "dev": true
    },
    "wx-fetch": {
      "version": "github:khs1994/wx-fetch#a30b08b53376f67678d6e8f9e254af55ddae60fd",
      "from": "github:khs1994/wx-fetch"
    }
  }
}
