{
  "name": "@pcit/miniprogram",
  "version": "18.12.0-alpha.0",
  "lockfileVersion": 1,
  "requires": true,
  "dependencies": {
    "@khs1994/tencent-ai": {
      "version": "19.6.0-alpha.6",
      "resolved": "https://registry.npm.taobao.org/@khs1994/tencent-ai/download/@khs1994/tencent-ai-19.6.0-alpha.6.tgz",
      "integrity": "sha1-nNAHGPO65e4dYKPuvWUxRLehtU8=",
      "requires": {
        "node-fetch": "^2.6.0",
        "wx-fetch": "github:khs1994/wx-fetch"
      }
    },
    "@pcit/pcit-js": {
      "version": "18.12.0-rc.2",
      "resolved": "https://registry.npm.taobao.org/@pcit/pcit-js/download/@pcit/pcit-js-18.12.0-rc.2.tgz",
      "integrity": "sha1-JR1al/2R8t65ixjZZkIpJag18WY=",
      "requires": {
        "node-fetch": "^2.6.0",
        "wx-fetch": "github:khs1994/wx-fetch"
      }
    },
    "@pcit/towxml": {
      "version": "0.0.2",
      "resolved": "https://registry.npm.taobao.org/@pcit/towxml/download/@pcit/towxml-0.0.2.tgz?cache=0&sync_timestamp=1569851731587&other_urls=https%3A%2F%2Fregistry.npm.taobao.org%2F%40pcit%2Ftowxml%2Fdownload%2F%40pcit%2Ftowxml-0.0.2.tgz",
      "integrity": "sha1-ywzm9fpHJrWYf1cjmtl8swdGxRY="
    },
    "miniprogram-api-typings": {
      "version": "2.9.0",
      "resolved": "https://registry.npm.taobao.org/miniprogram-api-typings/download/miniprogram-api-typings-2.9.0.tgz",
      "integrity": "sha1-Q7TfP5NOOWNIrnmZ+6q0ZHChTiE=",
      "dev": true
    },
    "node-fetch": {
      "version": "2.6.0",
      "resolved": "https://registry.npm.taobao.org/node-fetch/download/node-fetch-2.6.0.tgz?cache=0&other_urls=https%3A%2F%2Fregistry.npm.taobao.org%2Fnode-fetch%2Fdownload%2Fnode-fetch-2.6.0.tgz",
      "integrity": "sha1-5jNFY4bUqlWGP2dqerDaqP3ssP0="
    },
    "typescript": {
      "version": "3.6.4",
      "resolved": "https://registry.npm.taobao.org/typescript/download/typescript-3.6.4.tgz",
      "integrity": "sha1-sYdSuzeSvBoCgTNff26/G7/FuR0=",
      "dev": true
    },
    "wx-fetch": {
      "version": "github:khs1994/wx-fetch#bd21653b9769c6895ca904300f60355928fc5579",
      "from": "github:khs1994/wx-fetch"
    },
    "wx-markdown": {
      "version": "0.0.3",
      "resolved": "https://registry.npm.taobao.org/wx-markdown/download/wx-markdown-0.0.3.tgz",
      "integrity": "sha1-K0vefR8cW3sDconszSwEE1CR3Hk=",
      "requires": {
        "@pcit/towxml": "0.0.2"
      }
    }
  }
}
